
Microsoft Visual Studio Solution File, Format Version 12.00
# Visual Studio Version 17
VisualStudioVersion = 17.9.34616.47
MinimumVisualStudioVersion = 10.0.40219.1
Project("{F184B08F-C81C-45F6-A57F-5ABD9991F28F}") = "MyWebFormApp.Web", "MyWebFormApp.Web\MyWebFormApp.Web.vbproj", "{CD8E53D2-B177-494B-AE08-1CEEF98E43D7}"
EndProject
Project("{9A19103F-16F7-4668-BE54-9A1E7A4F7556}") = "BoanMusicApp.BO", "BoanMusic.BO\BoanMusicApp.BO.csproj", "{8C80E972-F99A-4910-A24A-85947D3F6EC6}"
EndProject
Project("{9A19103F-16F7-4668-BE54-9A1E7A4F7556}") = "BoanMusicApp.DAL", "BoanMusicApp.DAL\BoanMusicApp.DAL.csproj", "{023C0D19-148A-4563-BE32-3E79E3D1784F}"
EndProject
Project("{9A19103F-16F7-4668-BE54-9A1E7A4F7556}") = "BoanMusicApp.BLL", "BoanMusicApp.BLL\BoanMusicApp.BLL.csproj", "{852C5925-EBCE-4901-99FD-67ABBDB114B9}"
EndProject
Project("{9A19103F-16F7-4668-BE54-9A1E7A4F7556}") = "BoanMusicAdmin", "BoanMusicAdmin\BoanMusicAdmin.csproj", "{0F4A4FEB-24B2-44AA-942F-89992DBFAB4B}"
EndProject
Project("{FAE04EC0-301F-11D3-BF4B-00C04F79EFBC}") = "BoanMusicAppServices", "BoanMusicAppServices\BoanMusicAppServices.csproj", "{EFAE10A6-4D0B-489B-90D1-15E002FF60E9}"
EndProject
Global
	GlobalSection(SolutionConfigurationPlatforms) = preSolution
		Debug|Any CPU = Debug|Any CPU
		Debug|ARM = Debug|ARM
		Debug|ARM64 = Debug|ARM64
		Debug|x64 = Debug|x64
		Debug|x86 = Debug|x86
		Release|Any CPU = Release|Any CPU
		Release|ARM = Release|ARM
		Release|ARM64 = Release|ARM64
		Release|x64 = Release|x64
		Release|x86 = Release|x86
	EndGlobalSection
	GlobalSection(ProjectConfigurationPlatforms) = postSolution
		{CD8E53D2-B177-494B-AE08-1CEEF98E43D7}.Debug|Any CPU.ActiveCfg = Debug|Any CPU
		{CD8E53D2-B177-494B-AE08-1CEEF98E43D7}.Debug|Any CPU.Build.0 = Debug|Any CPU
		{CD8E53D2-B177-494B-AE08-1CEEF98E43D7}.Debug|ARM.ActiveCfg = Debug|Any CPU
		{CD8E53D2-B177-494B-AE08-1CEEF98E43D7}.Debug|ARM.Build.0 = Debug|Any CPU
		{CD8E53D2-B177-494B-AE08-1CEEF98E43D7}.Debug|ARM64.ActiveCfg = Debug|Any CPU
		{CD8E53D2-B177-494B-AE08-1CEEF98E43D7}.Debug|ARM64.Build.0 = Debug|Any CPU
		{CD8E53D2-B177-494B-AE08-1CEEF98E43D7}.Debug|x64.ActiveCfg = Debug|Any CPU
		{CD8E53D2-B177-494B-AE08-1CEEF98E43D7}.Debug|x64.Build.0 = Debug|Any CPU
		{CD8E53D2-B177-494B-AE08-1CEEF98E43D7}.Debug|x86.ActiveCfg = Debug|Any CPU
		{CD8E53D2-B177-494B-AE08-1CEEF98E43D7}.Debug|x86.Build.0 = Debug|Any CPU
		{CD8E53D2-B177-494B-AE08-1CEEF98E43D7}.Release|Any CPU.ActiveCfg = Release|Any CPU
		{CD8E53D2-B177-494B-AE08-1CEEF98E43D7}.Release|Any CPU.Build.0 = Release|Any CPU
		{CD8E53D2-B177-494B-AE08-1CEEF98E43D7}.Release|ARM.ActiveCfg = Release|Any CPU
		{CD8E53D2-B177-494B-AE08-1CEEF98E43D7}.Release|ARM.Build.0 = Release|Any CPU
		{CD8E53D2-B177-494B-AE08-1CEEF98E43D7}.Release|ARM64.ActiveCfg = Release|Any CPU
		{CD8E53D2-B177-494B-AE08-1CEEF98E43D7}.Release|ARM64.Build.0 = Release|Any CPU
		{CD8E53D2-B177-494B-AE08-1CEEF98E43D7}.Release|x64.ActiveCfg = Release|Any CPU
		{CD8E53D2-B177-494B-AE08-1CEEF98E43D7}.Release|x64.Build.0 = Release|Any CPU
		{CD8E53D2-B177-494B-AE08-1CEEF98E43D7}.Release|x86.ActiveCfg = Release|Any CPU
		{CD8E53D2-B177-494B-AE08-1CEEF98E43D7}.Release|x86.Build.0 = Release|Any CPU
		{8C80E972-F99A-4910-A24A-85947D3F6EC6}.Debug|Any CPU.ActiveCfg = Debug|Any CPU
		{8C80E972-F99A-4910-A24A-85947D3F6EC6}.Debug|Any CPU.Build.0 = Debug|Any CPU
		{8C80E972-F99A-4910-A24A-85947D3F6EC6}.Debug|ARM.ActiveCfg = Debug|Any CPU
		{8C80E972-F99A-4910-A24A-85947D3F6EC6}.Debug|ARM.Build.0 = Debug|Any CPU
		{8C80E972-F99A-4910-A24A-85947D3F6EC6}.Debug|ARM64.ActiveCfg = Debug|Any CPU
		{8C80E972-F99A-4910-A24A-85947D3F6EC6}.Debug|ARM64.Build.0 = Debug|Any CPU
		{8C80E972-F99A-4910-A24A-85947D3F6EC6}.Debug|x64.ActiveCfg = Debug|Any CPU
		{8C80E972-F99A-4910-A24A-85947D3F6EC6}.Debug|x64.Build.0 = Debug|Any CPU
		{8C80E972-F99A-4910-A24A-85947D3F6EC6}.Debug|x86.ActiveCfg = Debug|Any CPU
		{8C80E972-F99A-4910-A24A-85947D3F6EC6}.Debug|x86.Build.0 = Debug|Any CPU
		{8C80E972-F99A-4910-A24A-85947D3F6EC6}.Release|Any CPU.ActiveCfg = Release|Any CPU
		{8C80E972-F99A-4910-A24A-85947D3F6EC6}.Release|Any CPU.Build.0 = Release|Any CPU
		{8C80E972-F99A-4910-A24A-85947D3F6EC6}.Release|ARM.ActiveCfg = Release|Any CPU
		{8C80E972-F99A-4910-A24A-85947D3F6EC6}.Release|ARM.Build.0 = Release|Any CPU
		{8C80E972-F99A-4910-A24A-85947D3F6EC6}.Release|ARM64.ActiveCfg = Release|Any CPU
		{8C80E972-F99A-4910-A24A-85947D3F6EC6}.Release|ARM64.Build.0 = Release|Any CPU
		{8C80E972-F99A-4910-A24A-85947D3F6EC6}.Release|x64.ActiveCfg = Release|Any CPU
		{8C80E972-F99A-4910-A24A-85947D3F6EC6}.Release|x64.Build.0 = Release|Any CPU
		{8C80E972-F99A-4910-A24A-85947D3F6EC6}.Release|x86.ActiveCfg = Release|Any CPU
		{8C80E972-F99A-4910-A24A-85947D3F6EC6}.Release|x86.Build.0 = Release|Any CPU
		{023C0D19-148A-4563-BE32-3E79E3D1784F}.Debug|Any CPU.ActiveCfg = Debug|Any CPU
		{023C0D19-148A-4563-BE32-3E79E3D1784F}.Debug|Any CPU.Build.0 = Debug|Any CPU
		{023C0D19-148A-4563-BE32-3E79E3D1784F}.Debug|ARM.ActiveCfg = Debug|Any CPU
		{023C0D19-148A-4563-BE32-3E79E3D1784F}.Debug|ARM.Build.0 = Debug|Any CPU
		{023C0D19-148A-4563-BE32-3E79E3D1784F}.Debug|ARM64.ActiveCfg = Debug|Any CPU
		{023C0D19-148A-4563-BE32-3E79E3D1784F}.Debug|ARM64.Build.0 = Debug|Any CPU
		{023C0D19-148A-4563-BE32-3E79E3D1784F}.Debug|x64.ActiveCfg = Debug|Any CPU
		{023C0D19-148A-4563-BE32-3E79E3D1784F}.Debug|x64.Build.0 = Debug|Any CPU
		{023C0D19-148A-4563-BE32-3E79E3D1784F}.Debug|x86.ActiveCfg = Debug|Any CPU
		{023C0D19-148A-4563-BE32-3E79E3D1784F}.Debug|x86.Build.0 = Debug|Any CPU
		{023C0D19-148A-4563-BE32-3E79E3D1784F}.Release|Any CPU.ActiveCfg = Release|Any CPU
		{023C0D19-148A-4563-BE32-3E79E3D1784F}.Release|Any CPU.Build.0 = Release|Any CPU
		{023C0D19-148A-4563-BE32-3E79E3D1784F}.Release|ARM.ActiveCfg = Release|Any CPU
		{023C0D19-148A-4563-BE32-3E79E3D1784F}.Release|ARM.Build.0 = Release|Any CPU
		{023C0D19-148A-4563-BE32-3E79E3D1784F}.Release|ARM64.ActiveCfg = Release|Any CPU
		{023C0D19-148A-4563-BE32-3E79E3D1784F}.Release|ARM64.Build.0 = Release|Any CPU
		{023C0D19-148A-4563-BE32-3E79E3D1784F}.Release|x64.ActiveCfg = Release|Any CPU
		{023C0D19-148A-4563-BE32-3E79E3D1784F}.Release|x64.Build.0 = Release|Any CPU
		{023C0D19-148A-4563-BE32-3E79E3D1784F}.Release|x86.ActiveCfg = Release|Any CPU
		{023C0D19-148A-4563-BE32-3E79E3D1784F}.Release|x86.Build.0 = Release|Any CPU
		{852C5925-EBCE-4901-99FD-67ABBDB114B9}.Debug|Any CPU.ActiveCfg = Debug|Any CPU
		{852C5925-EBCE-4901-99FD-67ABBDB114B9}.Debug|Any CPU.Build.0 = Debug|Any CPU
		{852C5925-EBCE-4901-99FD-67ABBDB114B9}.Debug|ARM.ActiveCfg = Debug|Any CPU
		{852C5925-EBCE-4901-99FD-67ABBDB114B9}.Debug|ARM.Build.0 = Debug|Any CPU
		{852C5925-EBCE-4901-99FD-67ABBDB114B9}.Debug|ARM64.ActiveCfg = Debug|Any CPU
		{852C5925-EBCE-4901-99FD-67ABBDB114B9}.Debug|ARM64.Build.0 = Debug|Any CPU
		{852C5925-EBCE-4901-99FD-67ABBDB114B9}.Debug|x64.ActiveCfg = Debug|Any CPU
		{852C5925-EBCE-4901-99FD-67ABBDB114B9}.Debug|x64.Build.0 = Debug|Any CPU
		{852C5925-EBCE-4901-99FD-67ABBDB114B9}.Debug|x86.ActiveCfg = Debug|Any CPU
		{852C5925-EBCE-4901-99FD-67ABBDB114B9}.Debug|x86.Build.0 = Debug|Any CPU
		{852C5925-EBCE-4901-99FD-67ABBDB114B9}.Release|Any CPU.ActiveCfg = Release|Any CPU
		{852C5925-EBCE-4901-99FD-67ABBDB114B9}.Release|Any CPU.Build.0 = Release|Any CPU
		{852C5925-EBCE-4901-99FD-67ABBDB114B9}.Release|ARM.ActiveCfg = Release|Any CPU
		{852C5925-EBCE-4901-99FD-67ABBDB114B9}.Release|ARM.Build.0 = Release|Any CPU
		{852C5925-EBCE-4901-99FD-67ABBDB114B9}.Release|ARM64.ActiveCfg = Release|Any CPU
		{852C5925-EBCE-4901-99FD-67ABBDB114B9}.Release|ARM64.Build.0 = Release|Any CPU
		{852C5925-EBCE-4901-99FD-67ABBDB114B9}.Release|x64.ActiveCfg = Release|Any CPU
		{852C5925-EBCE-4901-99FD-67ABBDB114B9}.Release|x64.Build.0 = Release|Any CPU
		{852C5925-EBCE-4901-99FD-67ABBDB114B9}.Release|x86.ActiveCfg = Release|Any CPU
		{852C5925-EBCE-4901-99FD-67ABBDB114B9}.Release|x86.Build.0 = Release|Any CPU
		{0F4A4FEB-24B2-44AA-942F-89992DBFAB4B}.Debug|Any CPU.ActiveCfg = Debug|Any CPU
		{0F4A4FEB-24B2-44AA-942F-89992DBFAB4B}.Debug|Any CPU.Build.0 = Debug|Any CPU
		{0F4A4FEB-24B2-44AA-942F-89992DBFAB4B}.Debug|ARM.ActiveCfg = Debug|Any CPU
		{0F4A4FEB-24B2-44AA-942F-89992DBFAB4B}.Debug|ARM.Build.0 = Debug|Any CPU
		{0F4A4FEB-24B2-44AA-942F-89992DBFAB4B}.Debug|ARM64.ActiveCfg = Debug|Any CPU
		{0F4A4FEB-24B2-44AA-942F-89992DBFAB4B}.Debug|ARM64.Build.0 = Debug|Any CPU
		{0F4A4FEB-24B2-44AA-942F-89992DBFAB4B}.Debug|x64.ActiveCfg = Debug|Any CPU
		{0F4A4FEB-24B2-44AA-942F-89992DBFAB4B}.Debug|x64.Build.0 = Debug|Any CPU
		{0F4A4FEB-24B2-44AA-942F-89992DBFAB4B}.Debug|x86.ActiveCfg = Debug|Any CPU
		{0F4A4FEB-24B2-44AA-942F-89992DBFAB4B}.Debug|x86.Build.0 = Debug|Any CPU
		{0F4A4FEB-24B2-44AA-942F-89992DBFAB4B}.Release|Any CPU.ActiveCfg = Release|Any CPU
		{0F4A4FEB-24B2-44AA-942F-89992DBFAB4B}.Release|Any CPU.Build.0 = Release|Any CPU
		{0F4A4FEB-24B2-44AA-942F-89992DBFAB4B}.Release|ARM.ActiveCfg = Release|Any CPU
		{0F4A4FEB-24B2-44AA-942F-89992DBFAB4B}.Release|ARM.Build.0 = Release|Any CPU
		{0F4A4FEB-24B2-44AA-942F-89992DBFAB4B}.Release|ARM64.ActiveCfg = Release|Any CPU
		{0F4A4FEB-24B2-44AA-942F-89992DBFAB4B}.Release|ARM64.Build.0 = Release|Any CPU
		{0F4A4FEB-24B2-44AA-942F-89992DBFAB4B}.Release|x64.ActiveCfg = Release|Any CPU
		{0F4A4FEB-24B2-44AA-942F-89992DBFAB4B}.Release|x64.Build.0 = Release|Any CPU
		{0F4A4FEB-24B2-44AA-942F-89992DBFAB4B}.Release|x86.ActiveCfg = Release|Any CPU
		{0F4A4FEB-24B2-44AA-942F-89992DBFAB4B}.Release|x86.Build.0 = Release|Any CPU
		{EFAE10A6-4D0B-489B-90D1-15E002FF60E9}.Debug|Any CPU.ActiveCfg = Debug|Any CPU
		{EFAE10A6-4D0B-489B-90D1-15E002FF60E9}.Debug|Any CPU.Build.0 = Debug|Any CPU
		{EFAE10A6-4D0B-489B-90D1-15E002FF60E9}.Debug|ARM.ActiveCfg = Debug|Any CPU
		{EFAE10A6-4D0B-489B-90D1-15E002FF60E9}.Debug|ARM.Build.0 = Debug|Any CPU
		{EFAE10A6-4D0B-489B-90D1-15E002FF60E9}.Debug|ARM64.ActiveCfg = Debug|Any CPU
		{EFAE10A6-4D0B-489B-90D1-15E002FF60E9}.Debug|ARM64.Build.0 = Debug|Any CPU
		{EFAE10A6-4D0B-489B-90D1-15E002FF60E9}.Debug|x64.ActiveCfg = Debug|Any CPU
		{EFAE10A6-4D0B-489B-90D1-15E002FF60E9}.Debug|x64.Build.0 = Debug|Any CPU
		{EFAE10A6-4D0B-489B-90D1-15E002FF60E9}.Debug|x86.ActiveCfg = Debug|Any CPU
		{EFAE10A6-4D0B-489B-90D1-15E002FF60E9}.Debug|x86.Build.0 = Debug|Any CPU
		{EFAE10A6-4D0B-489B-90D1-15E002FF60E9}.Release|Any CPU.ActiveCfg = Release|Any CPU
		{EFAE10A6-4D0B-489B-90D1-15E002FF60E9}.Release|Any CPU.Build.0 = Release|Any CPU
		{EFAE10A6-4D0B-489B-90D1-15E002FF60E9}.Release|ARM.ActiveCfg = Release|Any CPU
		{EFAE10A6-4D0B-489B-90D1-15E002FF60E9}.Release|ARM.Build.0 = Release|Any CPU
		{EFAE10A6-4D0B-489B-90D1-15E002FF60E9}.Release|ARM64.ActiveCfg = Release|Any CPU
		{EFAE10A6-4D0B-489B-90D1-15E002FF60E9}.Release|ARM64.Build.0 = Release|Any CPU
		{EFAE10A6-4D0B-489B-90D1-15E002FF60E9}.Release|x64.ActiveCfg = Release|Any CPU
		{EFAE10A6-4D0B-489B-90D1-15E002FF60E9}.Release|x64.Build.0 = Release|Any CPU
		{EFAE10A6-4D0B-489B-90D1-15E002FF60E9}.Release|x86.ActiveCfg = Release|Any CPU
		{EFAE10A6-4D0B-489B-90D1-15E002FF60E9}.Release|x86.Build.0 = Release|Any CPU
	EndGlobalSection
	GlobalSection(SolutionProperties) = preSolution
		HideSolutionNode = FALSE
	EndGlobalSection
	GlobalSection(ExtensibilityGlobals) = postSolution
		SolutionGuid = {C770EEF1-0EDB-4648-968E-91314A0F48FA}
	EndGlobalSection
EndGlobal
